
Microsoft Visual Studio Solution File, Format Version 12.00
# Visual Studio Version 16
VisualStudioVersion = 16.0.30804.86
MinimumVisualStudioVersion = 10.0.40219.1
Project("{FAE04EC0-301F-11D3-BF4B-00C04F79EFBC}") = "PV Car App", "PV Car App\PV Car App.csproj", "{E6219435-2F8E-4A4D-A28B-BD33F8EB8324}"
EndProject
Global
	GlobalSection(SolutionConfigurationPlatforms) = preSolution
		Debug|Any CPU = Debug|Any CPU
		Release|Any CPU = Release|Any CPU
	EndGlobalSection
	GlobalSection(ProjectConfigurationPlatforms) = postSolution
		{E6219435-2F8E-4A4D-A28B-BD33F8EB8324}.Debug|Any CPU.ActiveCfg = Debug|Any CPU
		{E6219435-2F8E-4A4D-A28B-BD33F8EB8324}.Debug|Any CPU.Build.0 = Debug|Any CPU
		{E6219435-2F8E-4A4D-A28B-BD33F8EB8324}.Release|Any CPU.ActiveCfg = Release|Any CPU
		{E6219435-2F8E-4A4D-A28B-BD33F8EB8324}.Release|Any CPU.Build.0 = Release|Any CPU
	EndGlobalSection
	GlobalSection(SolutionProperties) = preSolution
		HideSolutionNode = FALSE
	EndGlobalSection
	GlobalSection(ExtensibilityGlobals) = postSolution
		SolutionGuid = {B4A98D17-5BC3-4164-AB80-D1F4C91312C5}
	EndGlobalSection
EndGlobal
